
Microsoft Visual Studio Solution File, Format Version 12.00
# Visual Studio Version 17
VisualStudioVersion = 17.14.36310.24 d17.14
MinimumVisualStudioVersion = 10.0.40219.1
Project("{FAE04EC0-301F-11D3-BF4B-00C04F79EFBC}") = "parcial 1", "parcial 1\parcial 1.csproj", "{5E2E5D71-0C36-47D2-AE61-0C02E64F96AD}"
EndProject
Global
	GlobalSection(SolutionConfigurationPlatforms) = preSolution
		Debug|Any CPU = Debug|Any CPU
		Release|Any CPU = Release|Any CPU
	EndGlobalSection
	GlobalSection(ProjectConfigurationPlatforms) = postSolution
		{5E2E5D71-0C36-47D2-AE61-0C02E64F96AD}.Debug|Any CPU.ActiveCfg = Debug|Any CPU
		{5E2E5D71-0C36-47D2-AE61-0C02E64F96AD}.Debug|Any CPU.Build.0 = Debug|Any CPU
		{5E2E5D71-0C36-47D2-AE61-0C02E64F96AD}.Release|Any CPU.ActiveCfg = Release|Any CPU
		{5E2E5D71-0C36-47D2-AE61-0C02E64F96AD}.Release|Any CPU.Build.0 = Release|Any CPU
	EndGlobalSection
	GlobalSection(SolutionProperties) = preSolution
		HideSolutionNode = FALSE
	EndGlobalSection
	GlobalSection(ExtensibilityGlobals) = postSolution
		SolutionGuid = {6FC83DEA-DAF8-4BFA-AF41-5B68BE2DEEF0}
	EndGlobalSection
EndGlobal
